<Solution>
  <Project Path="blaisrtt111/lab 1.3.csproj" />
  <Project Path="lab 2.2/lab 2.2.csproj" Id="94a86d47-a440-450d-b779-ff367c52fcc6" />
  <Project Path="lab 2_1/lab 2_1.csproj" Id="c434d402-241f-4a78-9ec1-d4370754adee" />
  <Project Path="lab 2_3/lab 2_3.csproj" Id="0deb7a47-359e-47b3-bc74-45ed8b4ecfa7" />
  <Project Path="lab 3.1/lab 3.1.csproj" Id="5997d0e8-769c-496f-8e4f-e191f4b63485" />
  <Project Path="lab1_1/lab1_1.csproj" />
  <Project Path="лаб 1.2/лаб 1.2.csproj" Id="32623121-002c-4b91-b1b3-30f97f048ceb" />
</Solution>
